
Microsoft Visual Studio Solution File, Format Version 12.00
# Visual Studio Version 17
VisualStudioVersion = 17.11.35219.272
MinimumVisualStudioVersion = 10.0.40219.1
Project("{FAE04EC0-301F-11D3-BF4B-00C04F79EFBC}") = "ReservationSample", "ReservationSample\ReservationSample.csproj", "{FF299838-9499-4DE1-B5D1-24BE213F6EF4}"
EndProject
Project("{FAE04EC0-301F-11D3-BF4B-00C04F79EFBC}") = "UnitTests", "UnitTests\UnitTests.csproj", "{5DB25289-7F13-482C-A5A6-ECBC8C3F3E02}"
EndProject
Global
	GlobalSection(SolutionConfigurationPlatforms) = preSolution
		Debug|Any CPU = Debug|Any CPU
		Release|Any CPU = Release|Any CPU
	EndGlobalSection
	GlobalSection(ProjectConfigurationPlatforms) = postSolution
		{FF299838-9499-4DE1-B5D1-24BE213F6EF4}.Debug|Any CPU.ActiveCfg = Debug|Any CPU
		{FF299838-9499-4DE1-B5D1-24BE213F6EF4}.Debug|Any CPU.Build.0 = Debug|Any CPU
		{FF299838-9499-4DE1-B5D1-24BE213F6EF4}.Release|Any CPU.ActiveCfg = Release|Any CPU
		{FF299838-9499-4DE1-B5D1-24BE213F6EF4}.Release|Any CPU.Build.0 = Release|Any CPU
		{5DB25289-7F13-482C-A5A6-ECBC8C3F3E02}.Debug|Any CPU.ActiveCfg = Debug|Any CPU
		{5DB25289-7F13-482C-A5A6-ECBC8C3F3E02}.Debug|Any CPU.Build.0 = Debug|Any CPU
		{5DB25289-7F13-482C-A5A6-ECBC8C3F3E02}.Release|Any CPU.ActiveCfg = Release|Any CPU
		{5DB25289-7F13-482C-A5A6-ECBC8C3F3E02}.Release|Any CPU.Build.0 = Release|Any CPU
	EndGlobalSection
	GlobalSection(SolutionProperties) = preSolution
		HideSolutionNode = FALSE
	EndGlobalSection
	GlobalSection(ExtensibilityGlobals) = postSolution
		SolutionGuid = {89021C68-ECD1-4D43-92F9-9DE844783100}
	EndGlobalSection
EndGlobal
